// !$*UTF8*$!
{
	archiveVersion = 1;
	classes = {
	};
	objectVersion = 51;
	objects = {

/* Begin PBXBuildFile section */
		2252FA95251221A000D4C139 /* AppDelegate.swift in Sources */ = {isa = PBXBuildFile; fileRef = 2252FA94251221A000D4C139 /* AppDelegate.swift */; };
		2252FA97251221A000D4C139 /* SceneDelegate.swift in Sources */ = {isa = PBXBuildFile; fileRef = 2252FA96251221A000D4C139 /* SceneDelegate.swift */; };
		2252FA99251221A000D4C139 /* ViewController.swift in Sources */ = {isa = PBXBuildFile; fileRef = 2252FA98251221A000D4C139 /* ViewController.swift */; };
		2252FA9C251221A000D4C139 /* Main.storyboard in Resources */ = {isa = PBXBuildFile; fileRef = 2252FA9A251221A000D4C139 /* Main.storyboard */; };
		2252FA9E251221A300D4C139 /* Assets.xcassets in Resources */ = {isa = PBXBuildFile; fileRef = 2252FA9D251221A300D4C139 /* Assets.xcassets */; };
		2252FAA1251221A300D4C139 /* LaunchScreen.storyboard in Resources */ = {isa = PBXBuildFile; fileRef = 2252FA9F251221A300D4C139 /* LaunchScreen.storyboard */; };
		2252FAB7251221A300D4C139 /* TinderDemoUITests.swift in Sources */ = {isa = PBXBuildFile; fileRef = 2252FAB6251221A300D4C139 /* TinderDemoUITests.swift */; };
		2252FAC6251262D200D4C139 /* UserModel.swift in Sources */ = {isa = PBXBuildFile; fileRef = 2252FAC5251262D200D4C139 /* UserModel.swift */; };
		2252FAC9251262EE00D4C139 /* LocationModel.swift in Sources */ = {isa = PBXBuildFile; fileRef = 2252FAC8251262EE00D4C139 /* LocationModel.swift */; };
		2252FACD2512635000D4C139 /* CardViewController.swift in Sources */ = {isa = PBXBuildFile; fileRef = 2252FACC2512635000D4C139 /* CardViewController.swift */; };
		2252FAD02512638300D4C139 /* CardViewController.storyboard in Resources */ = {isa = PBXBuildFile; fileRef = 2252FACF2512638200D4C139 /* CardViewController.storyboard */; };
		2252FAD12512638300D4C139 /* CardViewController.storyboard in Resources */ = {isa = PBXBuildFile; fileRef = 2252FACF2512638200D4C139 /* CardViewController.storyboard */; };
		2252FAD42513695900D4C139 /* UserViewController.swift in Sources */ = {isa = PBXBuildFile; fileRef = 2252FAD32513695900D4C139 /* UserViewController.swift */; };
		2252FAD82513699B00D4C139 /* UIViewExtensions.swift in Sources */ = {isa = PBXBuildFile; fileRef = 2252FAD72513699B00D4C139 /* UIViewExtensions.swift */; };
		2252FADB251369B300D4C139 /* UIImageExtension.swift in Sources */ = {isa = PBXBuildFile; fileRef = 2252FADA251369B300D4C139 /* UIImageExtension.swift */; };
		2252FADE25137B7700D4C139 /* DetailBaseController.swift in Sources */ = {isa = PBXBuildFile; fileRef = 2252FADD25137B7700D4C139 /* DetailBaseController.swift */; };
		2252FAE12513B3CE00D4C139 /* CalendarViewController.swift in Sources */ = {isa = PBXBuildFile; fileRef = 2252FAE02513B3CE00D4C139 /* CalendarViewController.swift */; };
		2252FAE42514475F00D4C139 /* PhoneViewController.swift in Sources */ = {isa = PBXBuildFile; fileRef = 2252FAE32514475F00D4C139 /* PhoneViewController.swift */; };
		2252FAE72514478500D4C139 /* MapViewController.swift in Sources */ = {isa = PBXBuildFile; fileRef = 2252FAE62514478500D4C139 /* MapViewController.swift */; };
		2252FAEA251447D000D4C139 /* LockViewController.swift in Sources */ = {isa = PBXBuildFile; fileRef = 2252FAE9251447D000D4C139 /* LockViewController.swift */; };
		2252FAED2514AC3100D4C139 /* HttpService.swift in Sources */ = {isa = PBXBuildFile; fileRef = 2252FAEC2514AC3100D4C139 /* HttpService.swift */; };
		2252FAF02514C06500D4C139 /* FavoriteManager.swift in Sources */ = {isa = PBXBuildFile; fileRef = 2252FAEF2514C06500D4C139 /* FavoriteManager.swift */; };
		2252FAF62515848D00D4C139 /* TinderDemoTests.swift in Sources */ = {isa = PBXBuildFile; fileRef = 2252FAAB251221A300D4C139 /* TinderDemoTests.swift */; };
		2D531E0110B912B4DD290807 /* Pods_TinderDemo_TinderDemoUITests.framework in Frameworks */ = {isa = PBXBuildFile; fileRef = F913F322033904AF78D6672A /* Pods_TinderDemo_TinderDemoUITests.framework */; };
		A1E17809A71E302938098D0E /* Pods_TinderDemoTests.framework in Frameworks */ = {isa = PBXBuildFile; fileRef = 555470A9B8B6E7A0899AAEE9 /* Pods_TinderDemoTests.framework */; };
		E94E7049A4139EF7411AA810 /* Pods_TinderDemo.framework in Frameworks */ = {isa = PBXBuildFile; fileRef = 1486667E5B8E7CB6A644C9FC /* Pods_TinderDemo.framework */; };
/* End PBXBuildFile section */

/* Begin PBXContainerItemProxy section */
		2252FAA8251221A300D4C139 /* PBXContainerItemProxy */ = {
			isa = PBXContainerItemProxy;
			containerPortal = 2252FA892512219F00D4C139 /* Project object */;
			proxyType = 1;
			remoteGlobalIDString = 2252FA90251221A000D4C139;
			remoteInfo = TinderDemo;
		};
		2252FAB3251221A300D4C139 /* PBXContainerItemProxy */ = {
			isa = PBXContainerItemProxy;
			containerPortal = 2252FA892512219F00D4C139 /* Project object */;
			proxyType = 1;
			remoteGlobalIDString = 2252FA90251221A000D4C139;
			remoteInfo = TinderDemo;
		};
/* End PBXContainerItemProxy section */

/* Begin PBXFileReference section */
		1486667E5B8E7CB6A644C9FC /* Pods_TinderDemo.framework */ = {isa = PBXFileReference; explicitFileType = wrapper.framework; includeInIndex = 0; path = Pods_TinderDemo.framework; sourceTree = BUILT_PRODUCTS_DIR; };
		2125A0D6EDB859DE77AEC1C1 /* Pods-TinderDemo-TinderDemoUITests.release.xcconfig */ = {isa = PBXFileReference; includeInIndex = 1; lastKnownFileType = text.xcconfig; name = "Pods-TinderDemo-TinderDemoUITests.release.xcconfig"; path = "Target Support Files/Pods-TinderDemo-TinderDemoUITests/Pods-TinderDemo-TinderDemoUITests.release.xcconfig"; sourceTree = "<group>"; };
		2252FA91251221A000D4C139 /* TinderDemo.app */ = {isa = PBXFileReference; explicitFileType = wrapper.application; includeInIndex = 0; path = TinderDemo.app; sourceTree = BUILT_PRODUCTS_DIR; };
		2252FA94251221A000D4C139 /* AppDelegate.swift */ = {isa = PBXFileReference; lastKnownFileType = sourcecode.swift; path = AppDelegate.swift; sourceTree = "<group>"; };
		2252FA96251221A000D4C139 /* SceneDelegate.swift */ = {isa = PBXFileReference; lastKnownFileType = sourcecode.swift; path = SceneDelegate.swift; sourceTree = "<group>"; };
		2252FA98251221A000D4C139 /* ViewController.swift */ = {isa = PBXFileReference; lastKnownFileType = sourcecode.swift; path = ViewController.swift; sourceTree = "<group>"; };
		2252FA9B251221A000D4C139 /* Base */ = {isa = PBXFileReference; lastKnownFileType = file.storyboard; name = Base; path = Base.lproj/Main.storyboard; sourceTree = "<group>"; };
		2252FA9D251221A300D4C139 /* Assets.xcassets */ = {isa = PBXFileReference; lastKnownFileType = folder.assetcatalog; path = Assets.xcassets; sourceTree = "<group>"; };
		2252FAA0251221A300D4C139 /* Base */ = {isa = PBXFileReference; lastKnownFileType = file.storyboard; name = Base; path = Base.lproj/LaunchScreen.storyboard; sourceTree = "<group>"; };
		2252FAA2251221A300D4C139 /* Info.plist */ = {isa = PBXFileReference; lastKnownFileType = text.plist.xml; path = Info.plist; sourceTree = "<group>"; };
		2252FAA7251221A300D4C139 /* TinderDemoTests.xctest */ = {isa = PBXFileReference; explicitFileType = wrapper.cfbundle; includeInIndex = 0; path = TinderDemoTests.xctest; sourceTree = BUILT_PRODUCTS_DIR; };
		2252FAAB251221A300D4C139 /* TinderDemoTests.swift */ = {isa = PBXFileReference; lastKnownFileType = sourcecode.swift; path = TinderDemoTests.swift; sourceTree = "<group>"; };
		2252FAAD251221A300D4C139 /* Info.plist */ = {isa = PBXFileReference; lastKnownFileType = text.plist.xml; path = Info.plist; sourceTree = "<group>"; };
		2252FAB2251221A300D4C139 /* TinderDemoUITests.xctest */ = {isa = PBXFileReference; explicitFileType = wrapper.cfbundle; includeInIndex = 0; path = TinderDemoUITests.xctest; sourceTree = BUILT_PRODUCTS_DIR; };
		2252FAB6251221A300D4C139 /* TinderDemoUITests.swift */ = {isa = PBXFileReference; lastKnownFileType = sourcecode.swift; path = TinderDemoUITests.swift; sourceTree = "<group>"; };
		2252FAB8251221A300D4C139 /* Info.plist */ = {isa = PBXFileReference; lastKnownFileType = text.plist.xml; path = Info.plist; sourceTree = "<group>"; };
		2252FAC5251262D200D4C139 /* UserModel.swift */ = {isa = PBXFileReference; lastKnownFileType = sourcecode.swift; path = UserModel.swift; sourceTree = "<group>"; };
		2252FAC8251262EE00D4C139 /* LocationModel.swift */ = {isa = PBXFileReference; lastKnownFileType = sourcecode.swift; path = LocationModel.swift; sourceTree = "<group>"; };
		2252FACC2512635000D4C139 /* CardViewController.swift */ = {isa = PBXFileReference; lastKnownFileType = sourcecode.swift; path = CardViewController.swift; sourceTree = "<group>"; };
		2252FACF2512638200D4C139 /* CardViewController.storyboard */ = {isa = PBXFileReference; lastKnownFileType = file.storyboard; path = CardViewController.storyboard; sourceTree = "<group>"; };
		2252FAD32513695900D4C139 /* UserViewController.swift */ = {isa = PBXFileReference; lastKnownFileType = sourcecode.swift; path = UserViewController.swift; sourceTree = "<group>"; };
		2252FAD72513699B00D4C139 /* UIViewExtensions.swift */ = {isa = PBXFileReference; lastKnownFileType = sourcecode.swift; path = UIViewExtensions.swift; sourceTree = "<group>"; };
		2252FADA251369B300D4C139 /* UIImageExtension.swift */ = {isa = PBXFileReference; lastKnownFileType = sourcecode.swift; path = UIImageExtension.swift; sourceTree = "<group>"; };
		2252FADD25137B7700D4C139 /* DetailBaseController.swift */ = {isa = PBXFileReference; lastKnownFileType = sourcecode.swift; path = DetailBaseController.swift; sourceTree = "<group>"; };
		2252FAE02513B3CE00D4C139 /* CalendarViewController.swift */ = {isa = PBXFileReference; lastKnownFileType = sourcecode.swift; path = CalendarViewController.swift; sourceTree = "<group>"; };
		2252FAE32514475F00D4C139 /* PhoneViewController.swift */ = {isa = PBXFileReference; lastKnownFileType = sourcecode.swift; path = PhoneViewController.swift; sourceTree = "<group>"; };
		2252FAE62514478500D4C139 /* MapViewController.swift */ = {isa = PBXFileReference; lastKnownFileType = sourcecode.swift; path = MapViewController.swift; sourceTree = "<group>"; };
		2252FAE9251447D000D4C139 /* LockViewController.swift */ = {isa = PBXFileReference; lastKnownFileType = sourcecode.swift; path = LockViewController.swift; sourceTree = "<group>"; };
		2252FAEC2514AC3100D4C139 /* HttpService.swift */ = {isa = PBXFileReference; lastKnownFileType = sourcecode.swift; path = HttpService.swift; sourceTree = "<group>"; };
		2252FAEF2514C06500D4C139 /* FavoriteManager.swift */ = {isa = PBXFileReference; lastKnownFileType = sourcecode.swift; path = FavoriteManager.swift; sourceTree = "<group>"; };
		453A0A946A9D83F30A37B82A /* Pods-TinderDemoTests.release.xcconfig */ = {isa = PBXFileReference; includeInIndex = 1; lastKnownFileType = text.xcconfig; name = "Pods-TinderDemoTests.release.xcconfig"; path = "Target Support Files/Pods-TinderDemoTests/Pods-TinderDemoTests.release.xcconfig"; sourceTree = "<group>"; };
		555470A9B8B6E7A0899AAEE9 /* Pods_TinderDemoTests.framework */ = {isa = PBXFileReference; explicitFileType = wrapper.framework; includeInIndex = 0; path = Pods_TinderDemoTests.framework; sourceTree = BUILT_PRODUCTS_DIR; };
		61D1FF8D96840FDBDA6D71A7 /* Pods-TinderDemo.debug.xcconfig */ = {isa = PBXFileReference; includeInIndex = 1; lastKnownFileType = text.xcconfig; name = "Pods-TinderDemo.debug.xcconfig"; path = "Target Support Files/Pods-TinderDemo/Pods-TinderDemo.debug.xcconfig"; sourceTree = "<group>"; };
		7973FF50A310682AE9C55147 /* Pods-TinderDemo-TinderDemoUITests.debug.xcconfig */ = {isa = PBXFileReference; includeInIndex = 1; lastKnownFileType = text.xcconfig; name = "Pods-TinderDemo-TinderDemoUITests.debug.xcconfig"; path = "Target Support Files/Pods-TinderDemo-TinderDemoUITests/Pods-TinderDemo-TinderDemoUITests.debug.xcconfig"; sourceTree = "<group>"; };
		9AA94EE437E81D457DA0BB80 /* Pods-TinderDemoTests.debug.xcconfig */ = {isa = PBXFileReference; includeInIndex = 1; lastKnownFileType = text.xcconfig; name = "Pods-TinderDemoTests.debug.xcconfig"; path = "Target Support Files/Pods-TinderDemoTests/Pods-TinderDemoTests.debug.xcconfig"; sourceTree = "<group>"; };
		A58CAB0F23D1BEE56A46520D /* Pods-TinderDemo.release.xcconfig */ = {isa = PBXFileReference; includeInIndex = 1; lastKnownFileType = text.xcconfig; name = "Pods-TinderDemo.release.xcconfig"; path = "Target Support Files/Pods-TinderDemo/Pods-TinderDemo.release.xcconfig"; sourceTree = "<group>"; };
		F913F322033904AF78D6672A /* Pods_TinderDemo_TinderDemoUITests.framework */ = {isa = PBXFileReference; explicitFileType = wrapper.framework; includeInIndex = 0; path = Pods_TinderDemo_TinderDemoUITests.framework; sourceTree = BUILT_PRODUCTS_DIR; };
/* End PBXFileReference section */

/* Begin PBXFrameworksBuildPhase section */
		2252FA8E251221A000D4C139 /* Frameworks */ = {
			isa = PBXFrameworksBuildPhase;
			buildActionMask = 2147483647;
			files = (
				E94E7049A4139EF7411AA810 /* Pods_TinderDemo.framework in Frameworks */,
			);
			runOnlyForDeploymentPostprocessing = 0;
		};
		2252FAA4251221A300D4C139 /* Frameworks */ = {
			isa = PBXFrameworksBuildPhase;
			buildActionMask = 2147483647;
			files = (
				A1E17809A71E302938098D0E /* Pods_TinderDemoTests.framework in Frameworks */,
			);
			runOnlyForDeploymentPostprocessing = 0;
		};
		2252FAAF251221A300D4C139 /* Frameworks */ = {
			isa = PBXFrameworksBuildPhase;
			buildActionMask = 2147483647;
			files = (
				2D531E0110B912B4DD290807 /* Pods_TinderDemo_TinderDemoUITests.framework in Frameworks */,
			);
			runOnlyForDeploymentPostprocessing = 0;
		};
/* End PBXFrameworksBuildPhase section */

/* Begin PBXGroup section */
		2252FA882512219F00D4C139 = {
			isa = PBXGroup;
			children = (
				2252FA93251221A000D4C139 /* TinderDemo */,
				2252FAAA251221A300D4C139 /* TinderDemoTests */,
				2252FAB5251221A300D4C139 /* TinderDemoUITests */,
				2252FA92251221A000D4C139 /* Products */,
				25431081C9ABBCFE6CD6C89F /* Pods */,
				DE261068F39F62E6383163DC /* Frameworks */,
			);
			sourceTree = "<group>";
		};
		2252FA92251221A000D4C139 /* Products */ = {
			isa = PBXGroup;
			children = (
				2252FA91251221A000D4C139 /* TinderDemo.app */,
				2252FAA7251221A300D4C139 /* TinderDemoTests.xctest */,
				2252FAB2251221A300D4C139 /* TinderDemoUITests.xctest */,
			);
			name = Products;
			sourceTree = "<group>";
		};
		2252FA93251221A000D4C139 /* TinderDemo */ = {
			isa = PBXGroup;
			children = (
				2252FAD62513697F00D4C139 /* Utils */,
				2252FAD22513693100D4C139 /* DetailViewController */,
				2252FACB2512633600D4C139 /* CardViewController */,
				2252FAC4251262BE00D4C139 /* Models */,
				2252FA94251221A000D4C139 /* AppDelegate.swift */,
				2252FA96251221A000D4C139 /* SceneDelegate.swift */,
				2252FA98251221A000D4C139 /* ViewController.swift */,
				2252FA9A251221A000D4C139 /* Main.storyboard */,
				2252FA9D251221A300D4C139 /* Assets.xcassets */,
				2252FA9F251221A300D4C139 /* LaunchScreen.storyboard */,
				2252FAA2251221A300D4C139 /* Info.plist */,
			);
			path = TinderDemo;
			sourceTree = "<group>";
		};
		2252FAAA251221A300D4C139 /* TinderDemoTests */ = {
			isa = PBXGroup;
			children = (
				2252FAAB251221A300D4C139 /* TinderDemoTests.swift */,
				2252FAAD251221A300D4C139 /* Info.plist */,
			);
			path = TinderDemoTests;
			sourceTree = "<group>";
		};
		2252FAB5251221A300D4C139 /* TinderDemoUITests */ = {
			isa = PBXGroup;
			children = (
				2252FAB6251221A300D4C139 /* TinderDemoUITests.swift */,
				2252FAB8251221A300D4C139 /* Info.plist */,
			);
			path = TinderDemoUITests;
			sourceTree = "<group>";
		};
		2252FAC4251262BE00D4C139 /* Models */ = {
			isa = PBXGroup;
			children = (
				2252FAC5251262D200D4C139 /* UserModel.swift */,
				2252FAC8251262EE00D4C139 /* LocationModel.swift */,
			);
			path = Models;
			sourceTree = "<group>";
		};
		2252FACB2512633600D4C139 /* CardViewController */ = {
			isa = PBXGroup;
			children = (
				2252FACC2512635000D4C139 /* CardViewController.swift */,
				2252FACF2512638200D4C139 /* CardViewController.storyboard */,
			);
			path = CardViewController;
			sourceTree = "<group>";
		};
		2252FAD22513693100D4C139 /* DetailViewController */ = {
			isa = PBXGroup;
			children = (
				2252FADD25137B7700D4C139 /* DetailBaseController.swift */,
				2252FAD32513695900D4C139 /* UserViewController.swift */,
				2252FAE02513B3CE00D4C139 /* CalendarViewController.swift */,
				2252FAE32514475F00D4C139 /* PhoneViewController.swift */,
				2252FAE62514478500D4C139 /* MapViewController.swift */,
				2252FAE9251447D000D4C139 /* LockViewController.swift */,
			);
			path = DetailViewController;
			sourceTree = "<group>";
		};
		2252FAD62513697F00D4C139 /* Utils */ = {
			isa = PBXGroup;
			children = (
				2252FAD72513699B00D4C139 /* UIViewExtensions.swift */,
				2252FADA251369B300D4C139 /* UIImageExtension.swift */,
				2252FAEC2514AC3100D4C139 /* HttpService.swift */,
				2252FAEF2514C06500D4C139 /* FavoriteManager.swift */,
			);
			path = Utils;
			sourceTree = "<group>";
		};
		25431081C9ABBCFE6CD6C89F /* Pods */ = {
			isa = PBXGroup;
			children = (
				61D1FF8D96840FDBDA6D71A7 /* Pods-TinderDemo.debug.xcconfig */,
				A58CAB0F23D1BEE56A46520D /* Pods-TinderDemo.release.xcconfig */,
				7973FF50A310682AE9C55147 /* Pods-TinderDemo-TinderDemoUITests.debug.xcconfig */,
				2125A0D6EDB859DE77AEC1C1 /* Pods-TinderDemo-TinderDemoUITests.release.xcconfig */,
				9AA94EE437E81D457DA0BB80 /* Pods-TinderDemoTests.debug.xcconfig */,
				453A0A946A9D83F30A37B82A /* Pods-TinderDemoTests.release.xcconfig */,
			);
			path = Pods;
			sourceTree = "<group>";
		};
		DE261068F39F62E6383163DC /* Frameworks */ = {
			isa = PBXGroup;
			children = (
				1486667E5B8E7CB6A644C9FC /* Pods_TinderDemo.framework */,
				F913F322033904AF78D6672A /* Pods_TinderDemo_TinderDemoUITests.framework */,
				555470A9B8B6E7A0899AAEE9 /* Pods_TinderDemoTests.framework */,
			);
			name = Frameworks;
			sourceTree = "<group>";
		};
/* End PBXGroup section */

/* Begin PBXNativeTarget section */
		2252FA90251221A000D4C139 /* TinderDemo */ = {
			isa = PBXNativeTarget;
			buildConfigurationList = 2252FABB251221A300D4C139 /* Build configuration list for PBXNativeTarget "TinderDemo" */;
			buildPhases = (
				1692FAD7F228D5AD4AA4DABF /* [CP] Check Pods Manifest.lock */,
				2252FA8D251221A000D4C139 /* Sources */,
				2252FA8E251221A000D4C139 /* Frameworks */,
				2252FA8F251221A000D4C139 /* Resources */,
				F9C6476A1602793DD839059E /* [CP] Embed Pods Frameworks */,
				0C991DCD8369D539777C2137 /* [CP] Copy Pods Resources */,
			);
			buildRules = (
			);
			dependencies = (
			);
			name = TinderDemo;
			productName = TinderDemo;
			productReference = 2252FA91251221A000D4C139 /* TinderDemo.app */;
			productType = "com.apple.product-type.application";
		};
		2252FAA6251221A300D4C139 /* TinderDemoTests */ = {
			isa = PBXNativeTarget;
			buildConfigurationList = 2252FABE251221A300D4C139 /* Build configuration list for PBXNativeTarget "TinderDemoTests" */;
			buildPhases = (
				47123190DA517FD465CC3709 /* [CP] Check Pods Manifest.lock */,
				2252FAA3251221A300D4C139 /* Sources */,
				2252FAA4251221A300D4C139 /* Frameworks */,
				2252FAA5251221A300D4C139 /* Resources */,
				0092E9A2813EBDD536D18AEE /* [CP] Embed Pods Frameworks */,
			);
			buildRules = (
			);
			dependencies = (
				2252FAA9251221A300D4C139 /* PBXTargetDependency */,
			);
			name = TinderDemoTests;
			productName = TinderDemoTests;
			productReference = 2252FAA7251221A300D4C139 /* TinderDemoTests.xctest */;
			productType = "com.apple.product-type.bundle.unit-test";
		};
		2252FAB1251221A300D4C139 /* TinderDemoUITests */ = {
			isa = PBXNativeTarget;
			buildConfigurationList = 2252FAC1251221A300D4C139 /* Build configuration list for PBXNativeTarget "TinderDemoUITests" */;
			buildPhases = (
				86CCBEA580B931A4C352A9B0 /* [CP] Check Pods Manifest.lock */,
				2252FAAE251221A300D4C139 /* Sources */,
				2252FAAF251221A300D4C139 /* Frameworks */,
				2252FAB0251221A300D4C139 /* Resources */,
				1633CFDEFE4CC5E07B222DE1 /* [CP] Embed Pods Frameworks */,
				D9565AE4D5E39BE6F9EF9A88 /* [CP] Copy Pods Resources */,
			);
			buildRules = (
			);
			dependencies = (
				2252FAB4251221A300D4C139 /* PBXTargetDependency */,
			);
			name = TinderDemoUITests;
			productName = TinderDemoUITests;
			productReference = 2252FAB2251221A300D4C139 /* TinderDemoUITests.xctest */;
			productType = "com.apple.product-type.bundle.ui-testing";
		};
/* End PBXNativeTarget section */

/* Begin PBXProject section */
		2252FA892512219F00D4C139 /* Project object */ = {
			isa = PBXProject;
			attributes = {
				LastSwiftUpdateCheck = 1170;
				LastUpgradeCheck = 1170;
				ORGANIZATIONNAME = macOS;
				TargetAttributes = {
					2252FA90251221A000D4C139 = {
						CreatedOnToolsVersion = 11.7;
					};
					2252FAA6251221A300D4C139 = {
						CreatedOnToolsVersion = 11.7;
						TestTargetID = 2252FA90251221A000D4C139;
					};
					2252FAB1251221A300D4C139 = {
						CreatedOnToolsVersion = 11.7;
						TestTargetID = 2252FA90251221A000D4C139;
					};
				};
			};
			buildConfigurationList = 2252FA8C2512219F00D4C139 /* Build configuration list for PBXProject "TinderDemo" */;
			compatibilityVersion = "Xcode 9.3";
			developmentRegion = en;
			hasScannedForEncodings = 0;
			knownRegions = (
				en,
				Base,
			);
			mainGroup = 2252FA882512219F00D4C139;
			productRefGroup = 2252FA92251221A000D4C139 /* Products */;
			projectDirPath = "";
			projectRoot = "";
			targets = (
				2252FA90251221A000D4C139 /* TinderDemo */,
				2252FAA6251221A300D4C139 /* TinderDemoTests */,
				2252FAB1251221A300D4C139 /* TinderDemoUITests */,
			);
		};
/* End PBXProject section */

/* Begin PBXResourcesBuildPhase section */
		2252FA8F251221A000D4C139 /* Resources */ = {
			isa = PBXResourcesBuildPhase;
			buildActionMask = 2147483647;
			files = (
				2252FAA1251221A300D4C139 /* LaunchScreen.storyboard in Resources */,
				2252FAD02512638300D4C139 /* CardViewController.storyboard in Resources */,
				2252FA9E251221A300D4C139 /* Assets.xcassets in Resources */,
				2252FA9C251221A000D4C139 /* Main.storyboard in Resources */,
			);
			runOnlyForDeploymentPostprocessing = 0;
		};
		2252FAA5251221A300D4C139 /* Resources */ = {
			isa = PBXResourcesBuildPhase;
			buildActionMask = 2147483647;
			files = (
			);
			runOnlyForDeploymentPostprocessing = 0;
		};
		2252FAB0251221A300D4C139 /* Resources */ = {
			isa = PBXResourcesBuildPhase;
			buildActionMask = 2147483647;
			files = (
				2252FAD12512638300D4C139 /* CardViewController.storyboard in Resources */,
			);
			runOnlyForDeploymentPostprocessing = 0;
		};
/* End PBXResourcesBuildPhase section */

/* Begin PBXShellScriptBuildPhase section */
		0092E9A2813EBDD536D18AEE /* [CP] Embed Pods Frameworks */ = {
			isa = PBXShellScriptBuildPhase;
			buildActionMask = 2147483647;
			files = (
			);
			inputFileListPaths = (
				"${PODS_ROOT}/Target Support Files/Pods-TinderDemoTests/Pods-TinderDemoTests-frameworks-${CONFIGURATION}-input-files.xcfilelist",
			);
			name = "[CP] Embed Pods Frameworks";
			outputFileListPaths = (
				"${PODS_ROOT}/Target Support Files/Pods-TinderDemoTests/Pods-TinderDemoTests-frameworks-${CONFIGURATION}-output-files.xcfilelist",
			);
			runOnlyForDeploymentPostprocessing = 0;
			shellPath = /bin/sh;
			shellScript = "\"${PODS_ROOT}/Target Support Files/Pods-TinderDemoTests/Pods-TinderDemoTests-frameworks.sh\"\n";
			showEnvVarsInLog = 0;
		};
		0C991DCD8369D539777C2137 /* [CP] Copy Pods Resources */ = {
			isa = PBXShellScriptBuildPhase;
			buildActionMask = 2147483647;
			files = (
			);
			inputFileListPaths = (
				"${PODS_ROOT}/Target Support Files/Pods-TinderDemo/Pods-TinderDemo-resources-${CONFIGURATION}-input-files.xcfilelist",
			);
			name = "[CP] Copy Pods Resources";
			outputFileListPaths = (
				"${PODS_ROOT}/Target Support Files/Pods-TinderDemo/Pods-TinderDemo-resources-${CONFIGURATION}-output-files.xcfilelist",
			);
			runOnlyForDeploymentPostprocessing = 0;
			shellPath = /bin/sh;
			shellScript = "\"${PODS_ROOT}/Target Support Files/Pods-TinderDemo/Pods-TinderDemo-resources.sh\"\n";
			showEnvVarsInLog = 0;
		};
		1633CFDEFE4CC5E07B222DE1 /* [CP] Embed Pods Frameworks */ = {
			isa = PBXShellScriptBuildPhase;
			buildActionMask = 2147483647;
			files = (
			);
			inputFileListPaths = (
				"${PODS_ROOT}/Target Support Files/Pods-TinderDemo-TinderDemoUITests/Pods-TinderDemo-TinderDemoUITests-frameworks-${CONFIGURATION}-input-files.xcfilelist",
			);
			name = "[CP] Embed Pods Frameworks";
			outputFileListPaths = (
				"${PODS_ROOT}/Target Support Files/Pods-TinderDemo-TinderDemoUITests/Pods-TinderDemo-TinderDemoUITests-frameworks-${CONFIGURATION}-output-files.xcfilelist",
			);
			runOnlyForDeploymentPostprocessing = 0;
			shellPath = /bin/sh;
			shellScript = "\"${PODS_ROOT}/Target Support Files/Pods-TinderDemo-TinderDemoUITests/Pods-TinderDemo-TinderDemoUITests-frameworks.sh\"\n";
			showEnvVarsInLog = 0;
		};
		1692FAD7F228D5AD4AA4DABF /* [CP] Check Pods Manifest.lock */ = {
			isa = PBXShellScriptBuildPhase;
			buildActionMask = 2147483647;
			files = (
			);
			inputFileListPaths = (
			);
			inputPaths = (
				"${PODS_PODFILE_DIR_PATH}/Podfile.lock",
				"${PODS_ROOT}/Manifest.lock",
			);
			name = "[CP] Check Pods Manifest.lock";
			outputFileListPaths = (
			);
			outputPaths = (
				"$(DERIVED_FILE_DIR)/Pods-TinderDemo-checkManifestLockResult.txt",
			);
			runOnlyForDeploymentPostprocessing = 0;
			shellPath = /bin/sh;
			shellScript = "diff \"${PODS_PODFILE_DIR_PATH}/Podfile.lock\" \"${PODS_ROOT}/Manifest.lock\" > /dev/null\nif [ $? != 0 ] ; then\n    # print error to STDERR\n    echo \"error: The sandbox is not in sync with the Podfile.lock. Run 'pod install' or update your CocoaPods installation.\" >&2\n    exit 1\nfi\n# This output is used by Xcode 'outputs' to avoid re-running this script phase.\necho \"SUCCESS\" > \"${SCRIPT_OUTPUT_FILE_0}\"\n";
			showEnvVarsInLog = 0;
		};
		47123190DA517FD465CC3709 /* [CP] Check Pods Manifest.lock */ = {
			isa = PBXShellScriptBuildPhase;
			buildActionMask = 2147483647;
			files = (
			);
			inputFileListPaths = (
			);
			inputPaths = (
				"${PODS_PODFILE_DIR_PATH}/Podfile.lock",
				"${PODS_ROOT}/Manifest.lock",
			);
			name = "[CP] Check Pods Manifest.lock";
			outputFileListPaths = (
			);
			outputPaths = (
				"$(DERIVED_FILE_DIR)/Pods-TinderDemoTests-checkManifestLockResult.txt",
			);
			runOnlyForDeploymentPostprocessing = 0;
			shellPath = /bin/sh;
			shellScript = "diff \"${PODS_PODFILE_DIR_PATH}/Podfile.lock\" \"${PODS_ROOT}/Manifest.lock\" > /dev/null\nif [ $? != 0 ] ; then\n    # print error to STDERR\n    echo \"error: The sandbox is not in sync with the Podfile.lock. Run 'pod install' or update your CocoaPods installation.\" >&2\n    exit 1\nfi\n# This output is used by Xcode 'outputs' to avoid re-running this script phase.\necho \"SUCCESS\" > \"${SCRIPT_OUTPUT_FILE_0}\"\n";
			showEnvVarsInLog = 0;
		};
		86CCBEA580B931A4C352A9B0 /* [CP] Check Pods Manifest.lock */ = {
			isa = PBXShellScriptBuildPhase;
			buildActionMask = 2147483647;
			files = (
			);
			inputFileListPaths = (
			);
			inputPaths = (
				"${PODS_PODFILE_DIR_PATH}/Podfile.lock",
				"${PODS_ROOT}/Manifest.lock",
			);
			name = "[CP] Check Pods Manifest.lock";
			outputFileListPaths = (
			);
			outputPaths = (
				"$(DERIVED_FILE_DIR)/Pods-TinderDemo-TinderDemoUITests-checkManifestLockResult.txt",
			);
			runOnlyForDeploymentPostprocessing = 0;
			shellPath = /bin/sh;
			shellScript = "diff \"${PODS_PODFILE_DIR_PATH}/Podfile.lock\" \"${PODS_ROOT}/Manifest.lock\" > /dev/null\nif [ $? != 0 ] ; then\n    # print error to STDERR\n    echo \"error: The sandbox is not in sync with the Podfile.lock. Run 'pod install' or update your CocoaPods installation.\" >&2\n    exit 1\nfi\n# This output is used by Xcode 'outputs' to avoid re-running this script phase.\necho \"SUCCESS\" > \"${SCRIPT_OUTPUT_FILE_0}\"\n";
			showEnvVarsInLog = 0;
		};
		D9565AE4D5E39BE6F9EF9A88 /* [CP] Copy Pods Resources */ = {
			isa = PBXShellScriptBuildPhase;
			buildActionMask = 2147483647;
			files = (
			);
			inputFileListPaths = (
				"${PODS_ROOT}/Target Support Files/Pods-TinderDemo-TinderDemoUITests/Pods-TinderDemo-TinderDemoUITests-resources-${CONFIGURATION}-input-files.xcfilelist",
			);
			name = "[CP] Copy Pods Resources";
			outputFileListPaths = (
				"${PODS_ROOT}/Target Support Files/Pods-TinderDemo-TinderDemoUITests/Pods-TinderDemo-TinderDemoUITests-resources-${CONFIGURATION}-output-files.xcfilelist",
			);
			runOnlyForDeploymentPostprocessing = 0;
			shellPath = /bin/sh;
			shellScript = "\"${PODS_ROOT}/Target Support Files/Pods-TinderDemo-TinderDemoUITests/Pods-TinderDemo-TinderDemoUITests-resources.sh\"\n";
			showEnvVarsInLog = 0;
		};
		F9C6476A1602793DD839059E /* [CP] Embed Pods Frameworks */ = {
			isa = PBXShellScriptBuildPhase;
			buildActionMask = 2147483647;
			files = (
			);
			inputFileListPaths = (
				"${PODS_ROOT}/Target Support Files/Pods-TinderDemo/Pods-TinderDemo-frameworks-${CONFIGURATION}-input-files.xcfilelist",
			);
			name = "[CP] Embed Pods Frameworks";
			outputFileListPaths = (
				"${PODS_ROOT}/Target Support Files/Pods-TinderDemo/Pods-TinderDemo-frameworks-${CONFIGURATION}-output-files.xcfilelist",
			);
			runOnlyForDeploymentPostprocessing = 0;
			shellPath = /bin/sh;
			shellScript = "\"${PODS_ROOT}/Target Support Files/Pods-TinderDemo/Pods-TinderDemo-frameworks.sh\"\n";
			showEnvVarsInLog = 0;
		};
/* End PBXShellScriptBuildPhase section */

/* Begin PBXSourcesBuildPhase section */
		2252FA8D251221A000D4C139 /* Sources */ = {
			isa = PBXSourcesBuildPhase;
			buildActionMask = 2147483647;
			files = (
				2252FAD42513695900D4C139 /* UserViewController.swift in Sources */,
				2252FA99251221A000D4C139 /* ViewController.swift in Sources */,
				2252FAD82513699B00D4C139 /* UIViewExtensions.swift in Sources */,
				2252FAE12513B3CE00D4C139 /* CalendarViewController.swift in Sources */,
				2252FAED2514AC3100D4C139 /* HttpService.swift in Sources */,
				2252FA95251221A000D4C139 /* AppDelegate.swift in Sources */,
				2252FAEA251447D000D4C139 /* LockViewController.swift in Sources */,
				2252FACD2512635000D4C139 /* CardViewController.swift in Sources */,
				2252FAE72514478500D4C139 /* MapViewController.swift in Sources */,
				2252FADB251369B300D4C139 /* UIImageExtension.swift in Sources */,
				2252FAC6251262D200D4C139 /* UserModel.swift in Sources */,
				2252FAF02514C06500D4C139 /* FavoriteManager.swift in Sources */,
				2252FAC9251262EE00D4C139 /* LocationModel.swift in Sources */,
				2252FAE42514475F00D4C139 /* PhoneViewController.swift in Sources */,
				2252FA97251221A000D4C139 /* SceneDelegate.swift in Sources */,
				2252FADE25137B7700D4C139 /* DetailBaseController.swift in Sources */,
			);
			runOnlyForDeploymentPostprocessing = 0;
		};
		2252FAA3251221A300D4C139 /* Sources */ = {
			isa = PBXSourcesBuildPhase;
			buildActionMask = 2147483647;
			files = (
				2252FAF62515848D00D4C139 /* TinderDemoTests.swift in Sources */,
			);
			runOnlyForDeploymentPostprocessing = 0;
		};
		2252FAAE251221A300D4C139 /* Sources */ = {
			isa = PBXSourcesBuildPhase;
			buildActionMask = 2147483647;
			files = (
				2252FAB7251221A300D4C139 /* TinderDemoUITests.swift in Sources */,
			);
			runOnlyForDeploymentPostprocessing = 0;
		};
/* End PBXSourcesBuildPhase section */

/* Begin PBXTargetDependency section */
		2252FAA9251221A300D4C139 /* PBXTargetDependency */ = {
			isa = PBXTargetDependency;
			target = 2252FA90251221A000D4C139 /* TinderDemo */;
			targetProxy = 2252FAA8251221A300D4C139 /* PBXContainerItemProxy */;
		};
		2252FAB4251221A300D4C139 /* PBXTargetDependency */ = {
			isa = PBXTargetDependency;
			target = 2252FA90251221A000D4C139 /* TinderDemo */;
			targetProxy = 2252FAB3251221A300D4C139 /* PBXContainerItemProxy */;
		};
/* End PBXTargetDependency section */

/* Begin PBXVariantGroup section */
		2252FA9A251221A000D4C139 /* Main.storyboard */ = {
			isa = PBXVariantGroup;
			children = (
				2252FA9B251221A000D4C139 /* Base */,
			);
			name = Main.storyboard;
			sourceTree = "<group>";
		};
		2252FA9F251221A300D4C139 /* LaunchScreen.storyboard */ = {
			isa = PBXVariantGroup;
			children = (
				2252FAA0251221A300D4C139 /* Base */,
			);
			name = LaunchScreen.storyboard;
			sourceTree = "<group>";
		};
/* End PBXVariantGroup section */

/* Begin XCBuildConfiguration section */
		2252FAB9251221A300D4C139 /* Debug */ = {
			isa = XCBuildConfiguration;
			buildSettings = {
				ALWAYS_SEARCH_USER_PATHS = NO;
				CLANG_ANALYZER_NONNULL = YES;
				CLANG_ANALYZER_NUMBER_OBJECT_CONVERSION = YES_AGGRESSIVE;
				CLANG_CXX_LANGUAGE_STANDARD = "gnu++14";
				CLANG_CXX_LIBRARY = "libc++";
				CLANG_ENABLE_MODULES = YES;
				CLANG_ENABLE_OBJC_ARC = YES;
				CLANG_ENABLE_OBJC_WEAK = YES;
				CLANG_WARN_BLOCK_CAPTURE_AUTORELEASING = YES;
				CLANG_WARN_BOOL_CONVERSION = YES;
				CLANG_WARN_COMMA = YES;
				CLANG_WARN_CONSTANT_CONVERSION = YES;
				CLANG_WARN_DEPRECATED_OBJC_IMPLEMENTATIONS = YES;
				CLANG_WARN_DIRECT_OBJC_ISA_USAGE = YES_ERROR;
				CLANG_WARN_DOCUMENTATION_COMMENTS = YES;
				CLANG_WARN_EMPTY_BODY = YES;
				CLANG_WARN_ENUM_CONVERSION = YES;
				CLANG_WARN_INFINITE_RECURSION = YES;
				CLANG_WARN_INT_CONVERSION = YES;
				CLANG_WARN_NON_LITERAL_NULL_CONVERSION = YES;
				CLANG_WARN_OBJC_IMPLICIT_RETAIN_SELF = YES;
				CLANG_WARN_OBJC_LITERAL_CONVERSION = YES;
				CLANG_WARN_OBJC_ROOT_CLASS = YES_ERROR;
				CLANG_WARN_RANGE_LOOP_ANALYSIS = YES;
				CLANG_WARN_STRICT_PROTOTYPES = YES;
				CLANG_WARN_SUSPICIOUS_MOVE = YES;
				CLANG_WARN_UNGUARDED_AVAILABILITY = YES_AGGRESSIVE;
				CLANG_WARN_UNREACHABLE_CODE = YES;
				CLANG_WARN__DUPLICATE_METHOD_MATCH = YES;
				COPY_PHASE_STRIP = NO;
				DEBUG_INFORMATION_FORMAT = dwarf;
				ENABLE_STRICT_OBJC_MSGSEND = YES;
				ENABLE_TESTABILITY = YES;
				GCC_C_LANGUAGE_STANDARD = gnu11;
				GCC_DYNAMIC_NO_PIC = NO;
				GCC_NO_COMMON_BLOCKS = YES;
				GCC_OPTIMIZATION_LEVEL = 0;
				GCC_PREPROCESSOR_DEFINITIONS = (
					"DEBUG=1",
					"$(inherited)",
				);
				GCC_WARN_64_TO_32_BIT_CONVERSION = YES;
				GCC_WARN_ABOUT_RETURN_TYPE = YES_ERROR;
				GCC_WARN_UNDECLARED_SELECTOR = YES;
				GCC_WARN_UNINITIALIZED_AUTOS = YES_AGGRESSIVE;
				GCC_WARN_UNUSED_FUNCTION = YES;
				GCC_WARN_UNUSED_VARIABLE = YES;
				IPHONEOS_DEPLOYMENT_TARGET = 13.7;
				MTL_ENABLE_DEBUG_INFO = INCLUDE_SOURCE;
				MTL_FAST_MATH = YES;
				ONLY_ACTIVE_ARCH = YES;
				SDKROOT = iphoneos;
				SWIFT_ACTIVE_COMPILATION_CONDITIONS = DEBUG;
				SWIFT_OPTIMIZATION_LEVEL = "-Onone";
			};
			name = Debug;
		};
		2252FABA251221A300D4C139 /* Release */ = {
			isa = XCBuildConfiguration;
			buildSettings = {
				ALWAYS_SEARCH_USER_PATHS = NO;
				CLANG_ANALYZER_NONNULL = YES;
				CLANG_ANALYZER_NUMBER_OBJECT_CONVERSION = YES_AGGRESSIVE;
				CLANG_CXX_LANGUAGE_STANDARD = "gnu++14";
				CLANG_CXX_LIBRARY = "libc++";
				CLANG_ENABLE_MODULES = YES;
				CLANG_ENABLE_OBJC_ARC = YES;
				CLANG_ENABLE_OBJC_WEAK = YES;
				CLANG_WARN_BLOCK_CAPTURE_AUTORELEASING = YES;
				CLANG_WARN_BOOL_CONVERSION = YES;
				CLANG_WARN_COMMA = YES;
				CLANG_WARN_CONSTANT_CONVERSION = YES;
				CLANG_WARN_DEPRECATED_OBJC_IMPLEMENTATIONS = YES;
				CLANG_WARN_DIRECT_OBJC_ISA_USAGE = YES_ERROR;
				CLANG_WARN_DOCUMENTATION_COMMENTS = YES;
				CLANG_WARN_EMPTY_BODY = YES;
				CLANG_WARN_ENUM_CONVERSION = YES;
				CLANG_WARN_INFINITE_RECURSION = YES;
				CLANG_WARN_INT_CONVERSION = YES;
				CLANG_WARN_NON_LITERAL_NULL_CONVERSION = YES;
				CLANG_WARN_OBJC_IMPLICIT_RETAIN_SELF = YES;
				CLANG_WARN_OBJC_LITERAL_CONVERSION = YES;
				CLANG_WARN_OBJC_ROOT_CLASS = YES_ERROR;
				CLANG_WARN_RANGE_LOOP_ANALYSIS = YES;
				CLANG_WARN_STRICT_PROTOTYPES = YES;
				CLANG_WARN_SUSPICIOUS_MOVE = YES;
				CLANG_WARN_UNGUARDED_AVAILABILITY = YES_AGGRESSIVE;
				CLANG_WARN_UNREACHABLE_CODE = YES;
				CLANG_WARN__DUPLICATE_METHOD_MATCH = YES;
				COPY_PHASE_STRIP = NO;
				DEBUG_INFORMATION_FORMAT = "dwarf-with-dsym";
				ENABLE_NS_ASSERTIONS = NO;
				ENABLE_STRICT_OBJC_MSGSEND = YES;
				GCC_C_LANGUAGE_STANDARD = gnu11;
				GCC_NO_COMMON_BLOCKS = YES;
				GCC_WARN_64_TO_32_BIT_CONVERSION = YES;
				GCC_WARN_ABOUT_RETURN_TYPE = YES_ERROR;
				GCC_WARN_UNDECLARED_SELECTOR = YES;
				GCC_WARN_UNINITIALIZED_AUTOS = YES_AGGRESSIVE;
				GCC_WARN_UNUSED_FUNCTION = YES;
				GCC_WARN_UNUSED_VARIABLE = YES;
				IPHONEOS_DEPLOYMENT_TARGET = 13.7;
				MTL_ENABLE_DEBUG_INFO = NO;
				MTL_FAST_MATH = YES;
				SDKROOT = iphoneos;
				SWIFT_COMPILATION_MODE = wholemodule;
				SWIFT_OPTIMIZATION_LEVEL = "-O";
				VALIDATE_PRODUCT = YES;
			};
			name = Release;
		};
		2252FABC251221A300D4C139 /* Debug */ = {
			isa = XCBuildConfiguration;
			baseConfigurationReference = 61D1FF8D96840FDBDA6D71A7 /* Pods-TinderDemo.debug.xcconfig */;
			buildSettings = {
				ASSETCATALOG_COMPILER_APPICON_NAME = AppIcon;
				CODE_SIGN_STYLE = Automatic;
				INFOPLIST_FILE = TinderDemo/Info.plist;
				LD_RUNPATH_SEARCH_PATHS = (
					"$(inherited)",
					"@executable_path/Frameworks",
				);
				PRODUCT_BUNDLE_IDENTIFIER = com.wanglee.TinderDemo;
				PRODUCT_NAME = "$(TARGET_NAME)";
				SWIFT_VERSION = 5.0;
				TARGETED_DEVICE_FAMILY = "1,2";
			};
			name = Debug;
		};
		2252FABD251221A300D4C139 /* Release */ = {
			isa = XCBuildConfiguration;
			baseConfigurationReference = A58CAB0F23D1BEE56A46520D /* Pods-TinderDemo.release.xcconfig */;
			buildSettings = {
				ASSETCATALOG_COMPILER_APPICON_NAME = AppIcon;
				CODE_SIGN_STYLE = Automatic;
				INFOPLIST_FILE = TinderDemo/Info.plist;
				LD_RUNPATH_SEARCH_PATHS = (
					"$(inherited)",
					"@executable_path/Frameworks",
				);
				PRODUCT_BUNDLE_IDENTIFIER = com.wanglee.TinderDemo;
				PRODUCT_NAME = "$(TARGET_NAME)";
				SWIFT_VERSION = 5.0;
				TARGETED_DEVICE_FAMILY = "1,2";
			};
			name = Release;
		};
		2252FABF251221A300D4C139 /* Debug */ = {
			isa = XCBuildConfiguration;
			baseConfigurationReference = 9AA94EE437E81D457DA0BB80 /* Pods-TinderDemoTests.debug.xcconfig */;
			buildSettings = {
				ALWAYS_EMBED_SWIFT_STANDARD_LIBRARIES = YES;
				BUNDLE_LOADER = "$(TEST_HOST)";
				CODE_SIGN_STYLE = Automatic;
				INFOPLIST_FILE = TinderDemoTests/Info.plist;
				IPHONEOS_DEPLOYMENT_TARGET = 13.7;
				LD_RUNPATH_SEARCH_PATHS = (
					"$(inherited)",
					"@executable_path/Frameworks",
					"@loader_path/Frameworks",
				);
				PRODUCT_BUNDLE_IDENTIFIER = com.wanglee.TinderDemoTests;
				PRODUCT_NAME = "$(TARGET_NAME)";
				SWIFT_VERSION = 5.0;
				TARGETED_DEVICE_FAMILY = "1,2";
				TEST_HOST = "$(BUILT_PRODUCTS_DIR)/TinderDemo.app/TinderDemo";
			};
			name = Debug;
		};
		2252FAC0251221A300D4C139 /* Release */ = {
			isa = XCBuildConfiguration;
			baseConfigurationReference = 453A0A946A9D83F30A37B82A /* Pods-TinderDemoTests.release.xcconfig */;
			buildSettings = {
				ALWAYS_EMBED_SWIFT_STANDARD_LIBRARIES = YES;
				BUNDLE_LOADER = "$(TEST_HOST)";
				CODE_SIGN_STYLE = Automatic;
				INFOPLIST_FILE = TinderDemoTests/Info.plist;
				IPHONEOS_DEPLOYMENT_TARGET = 13.7;
				LD_RUNPATH_SEARCH_PATHS = (
					"$(inherited)",
					"@executable_path/Frameworks",
					"@loader_path/Frameworks",
				);
				PRODUCT_BUNDLE_IDENTIFIER = com.wanglee.TinderDemoTests;
				PRODUCT_NAME = "$(TARGET_NAME)";
				SWIFT_VERSION = 5.0;
				TARGETED_DEVICE_FAMILY = "1,2";
				TEST_HOST = "$(BUILT_PRODUCTS_DIR)/TinderDemo.app/TinderDemo";
			};
			name = Release;
		};
		2252FAC2251221A300D4C139 /* Debug */ = {
			isa = XCBuildConfiguration;
			baseConfigurationReference = 7973FF50A310682AE9C55147 /* Pods-TinderDemo-TinderDemoUITests.debug.xcconfig */;
			buildSettings = {
				ALWAYS_EMBED_SWIFT_STANDARD_LIBRARIES = YES;
				CODE_SIGN_STYLE = Automatic;
				INFOPLIST_FILE = TinderDemoUITests/Info.plist;
				LD_RUNPATH_SEARCH_PATHS = (
					"$(inherited)",
					"@executable_path/Frameworks",
					"@loader_path/Frameworks",
				);
				PRODUCT_BUNDLE_IDENTIFIER = com.wanglee.TinderDemoUITests;
				PRODUCT_NAME = "$(TARGET_NAME)";
				SWIFT_VERSION = 5.0;
				TARGETED_DEVICE_FAMILY = "1,2";
				TEST_TARGET_NAME = TinderDemo;
			};
			name = Debug;
		};
		2252FAC3251221A300D4C139 /* Release */ = {
			isa = XCBuildConfiguration;
			baseConfigurationReference = 2125A0D6EDB859DE77AEC1C1 /* Pods-TinderDemo-TinderDemoUITests.release.xcconfig */;
			buildSettings = {
				ALWAYS_EMBED_SWIFT_STANDARD_LIBRARIES = YES;
				CODE_SIGN_STYLE = Automatic;
				INFOPLIST_FILE = TinderDemoUITests/Info.plist;
				LD_RUNPATH_SEARCH_PATHS = (
					"$(inherited)",
					"@executable_path/Frameworks",
					"@loader_path/Frameworks",
				);
				PRODUCT_BUNDLE_IDENTIFIER = com.wanglee.TinderDemoUITests;
				PRODUCT_NAME = "$(TARGET_NAME)";
				SWIFT_VERSION = 5.0;
				TARGETED_DEVICE_FAMILY = "1,2";
				TEST_TARGET_NAME = TinderDemo;
			};
			name = Release;
		};
/* End XCBuildConfiguration section */

/* Begin XCConfigurationList section */
		2252FA8C2512219F00D4C139 /* Build configuration list for PBXProject "TinderDemo" */ = {
			isa = XCConfigurationList;
			buildConfigurations = (
				2252FAB9251221A300D4C139 /* Debug */,
				2252FABA251221A300D4C139 /* Release */,
			);
			defaultConfigurationIsVisible = 0;
			defaultConfigurationName = Release;
		};
		2252FABB251221A300D4C139 /* Build configuration list for PBXNativeTarget "TinderDemo" */ = {
			isa = XCConfigurationList;
			buildConfigurations = (
				2252FABC251221A300D4C139 /* Debug */,
				2252FABD251221A300D4C139 /* Release */,
			);
			defaultConfigurationIsVisible = 0;
			defaultConfigurationName = Release;
		};
		2252FABE251221A300D4C139 /* Build configuration list for PBXNativeTarget "TinderDemoTests" */ = {
			isa = XCConfigurationList;
			buildConfigurations = (
				2252FABF251221A300D4C139 /* Debug */,
				2252FAC0251221A300D4C139 /* Release */,
			);
			defaultConfigurationIsVisible = 0;
			defaultConfigurationName = Release;
		};
		2252FAC1251221A300D4C139 /* Build configuration list for PBXNativeTarget "TinderDemoUITests" */ = {
			isa = XCConfigurationList;
			buildConfigurations = (
				2252FAC2251221A300D4C139 /* Debug */,
				2252FAC3251221A300D4C139 /* Release */,
			);
			defaultConfigurationIsVisible = 0;
			defaultConfigurationName = Release;
		};
/* End XCConfigurationList section */
	};
	rootObject = 2252FA892512219F00D4C139 /* Project object */;
}
